// !$*UTF8*$!
{
	archiveVersion = 1;
	classes = {
	};
	objectVersion = 46;
	objects = {

/* Begin PBXBuildFile section */
		BCC46D1119D061D50003FD17 /* Foundation.framework in Frameworks */ = {isa = PBXBuildFile; fileRef = BCC46D1019D061D50003FD17 /* Foundation.framework */; };
		BCC46D1319D061D50003FD17 /* CoreGraphics.framework in Frameworks */ = {isa = PBXBuildFile; fileRef = BCC46D1219D061D50003FD17 /* CoreGraphics.framework */; };
		BCC46D1519D061D50003FD17 /* UIKit.framework in Frameworks */ = {isa = PBXBuildFile; fileRef = BCC46D1419D061D50003FD17 /* UIKit.framework */; };
		BCC46D1B19D061D50003FD17 /* InfoPlist.strings in Resources */ = {isa = PBXBuildFile; fileRef = BCC46D1919D061D50003FD17 /* InfoPlist.strings */; };
		BCC46D1D19D061D50003FD17 /* main.m in Sources */ = {isa = PBXBuildFile; fileRef = BCC46D1C19D061D50003FD17 /* main.m */; };
		BCC46D2119D061D50003FD17 /* AppDelegate.m in Sources */ = {isa = PBXBuildFile; fileRef = BCC46D2019D061D50003FD17 /* AppDelegate.m */; };
		BCC46D2419D061D50003FD17 /* Main.storyboard in Resources */ = {isa = PBXBuildFile; fileRef = BCC46D2219D061D50003FD17 /* Main.storyboard */; };
		BCC46D2719D061D50003FD17 /* ViewController.m in Sources */ = {isa = PBXBuildFile; fileRef = BCC46D2619D061D50003FD17 /* ViewController.m */; };
		BCC46D2919D061D50003FD17 /* Images.xcassets in Resources */ = {isa = PBXBuildFile; fileRef = BCC46D2819D061D50003FD17 /* Images.xcassets */; };
		BCC46D3019D061D50003FD17 /* XCTest.framework in Frameworks */ = {isa = PBXBuildFile; fileRef = BCC46D2F19D061D50003FD17 /* XCTest.framework */; };
		BCC46D3119D061D50003FD17 /* Foundation.framework in Frameworks */ = {isa = PBXBuildFile; fileRef = BCC46D1019D061D50003FD17 /* Foundation.framework */; };
		BCC46D3219D061D50003FD17 /* UIKit.framework in Frameworks */ = {isa = PBXBuildFile; fileRef = BCC46D1419D061D50003FD17 /* UIKit.framework */; };
		BCC46D3A19D061D50003FD17 /* InfoPlist.strings in Resources */ = {isa = PBXBuildFile; fileRef = BCC46D3819D061D50003FD17 /* InfoPlist.strings */; };
		BCC46D3C19D061D50003FD17 /* AESTestTests.m in Sources */ = {isa = PBXBuildFile; fileRef = BCC46D3B19D061D50003FD17 /* AESTestTests.m */; };
/* End PBXBuildFile section */

/* Begin PBXContainerItemProxy section */
		BCC46D3319D061D50003FD17 /* PBXContainerItemProxy */ = {
			isa = PBXContainerItemProxy;
			containerPortal = BCC46D0519D061D50003FD17 /* Project object */;
			proxyType = 1;
			remoteGlobalIDString = BCC46D0C19D061D50003FD17;
			remoteInfo = AESTest;
		};
/* End PBXContainerItemProxy section */

/* Begin PBXFileReference section */
		BCC46D0D19D061D50003FD17 /* AESTest.app */ = {isa = PBXFileReference; explicitFileType = wrapper.application; includeInIndex = 0; path = AESTest.app; sourceTree = BUILT_PRODUCTS_DIR; };
		BCC46D1019D061D50003FD17 /* Foundation.framework */ = {isa = PBXFileReference; lastKnownFileType = wrapper.framework; name = Foundation.framework; path = System/Library/Frameworks/Foundation.framework; sourceTree = SDKROOT; };
		BCC46D1219D061D50003FD17 /* CoreGraphics.framework */ = {isa = PBXFileReference; lastKnownFileType = wrapper.framework; name = CoreGraphics.framework; path = System/Library/Frameworks/CoreGraphics.framework; sourceTree = SDKROOT; };
		BCC46D1419D061D50003FD17 /* UIKit.framework */ = {isa = PBXFileReference; lastKnownFileType = wrapper.framework; name = UIKit.framework; path = System/Library/Frameworks/UIKit.framework; sourceTree = SDKROOT; };
		BCC46D1819D061D50003FD17 /* AESTest-Info.plist */ = {isa = PBXFileReference; lastKnownFileType = text.plist.xml; path = "AESTest-Info.plist"; sourceTree = "<group>"; };
		BCC46D1A19D061D50003FD17 /* en */ = {isa = PBXFileReference; lastKnownFileType = text.plist.strings; name = en; path = en.lproj/InfoPlist.strings; sourceTree = "<group>"; };
		BCC46D1C19D061D50003FD17 /* main.m */ = {isa = PBXFileReference; lastKnownFileType = sourcecode.c.objc; path = main.m; sourceTree = "<group>"; };
		BCC46D1E19D061D50003FD17 /* AESTest-Prefix.pch */ = {isa = PBXFileReference; lastKnownFileType = sourcecode.c.h; path = "AESTest-Prefix.pch"; sourceTree = "<group>"; };
		BCC46D1F19D061D50003FD17 /* AppDelegate.h */ = {isa = PBXFileReference; lastKnownFileType = sourcecode.c.h; path = AppDelegate.h; sourceTree = "<group>"; };
		BCC46D2019D061D50003FD17 /* AppDelegate.m */ = {isa = PBXFileReference; lastKnownFileType = sourcecode.c.objc; path = AppDelegate.m; sourceTree = "<group>"; };
		BCC46D2319D061D50003FD17 /* Base */ = {isa = PBXFileReference; lastKnownFileType = file.storyboard; name = Base; path = Base.lproj/Main.storyboard; sourceTree = "<group>"; };
		BCC46D2519D061D50003FD17 /* ViewController.h */ = {isa = PBXFileReference; lastKnownFileType = sourcecode.c.h; path = ViewController.h; sourceTree = "<group>"; };
		BCC46D2619D061D50003FD17 /* ViewController.m */ = {isa = PBXFileReference; lastKnownFileType = sourcecode.c.objc; path = ViewController.m; sourceTree = "<group>"; };
		BCC46D2819D061D50003FD17 /* Images.xcassets */ = {isa = PBXFileReference; lastKnownFileType = folder.assetcatalog; path = Images.xcassets; sourceTree = "<group>"; };
		BCC46D2E19D061D50003FD17 /* AESTestTests.xctest */ = {isa = PBXFileReference; explicitFileType = wrapper.cfbundle; includeInIndex = 0; path = AESTestTests.xctest; sourceTree = BUILT_PRODUCTS_DIR; };
		BCC46D2F19D061D50003FD17 /* XCTest.framework */ = {isa = PBXFileReference; lastKnownFileType = wrapper.framework; name = XCTest.framework; path = Library/Frameworks/XCTest.framework; sourceTree = DEVELOPER_DIR; };
		BCC46D3719D061D50003FD17 /* AESTestTests-Info.plist */ = {isa = PBXFileReference; lastKnownFileType = text.plist.xml; path = "AESTestTests-Info.plist"; sourceTree = "<group>"; };
		BCC46D3919D061D50003FD17 /* en */ = {isa = PBXFileReference; lastKnownFileType = text.plist.strings; name = en; path = en.lproj/InfoPlist.strings; sourceTree = "<group>"; };
		BCC46D3B19D061D50003FD17 /* AESTestTests.m */ = {isa = PBXFileReference; lastKnownFileType = sourcecode.c.objc; path = AESTestTests.m; sourceTree = "<group>"; };
/* End PBXFileReference section */

/* Begin PBXFrameworksBuildPhase section */
		BCC46D0A19D061D50003FD17 /* Frameworks */ = {
			isa = PBXFrameworksBuildPhase;
			buildActionMask = 2147483647;
			files = (
				BCC46D1319D061D50003FD17 /* CoreGraphics.framework in Frameworks */,
				BCC46D1519D061D50003FD17 /* UIKit.framework in Frameworks */,
				BCC46D1119D061D50003FD17 /* Foundation.framework in Frameworks */,
			);
			runOnlyForDeploymentPostprocessing = 0;
		};
		BCC46D2B19D061D50003FD17 /* Frameworks */ = {
			isa = PBXFrameworksBuildPhase;
			buildActionMask = 2147483647;
			files = (
				BCC46D3019D061D50003FD17 /* XCTest.framework in Frameworks */,
				BCC46D3219D061D50003FD17 /* UIKit.framework in Frameworks */,
				BCC46D3119D061D50003FD17 /* Foundation.framework in Frameworks */,
			);
			runOnlyForDeploymentPostprocessing = 0;
		};
/* End PBXFrameworksBuildPhase section */

/* Begin PBXGroup section */
		BCC46D0419D061D50003FD17 = {
			isa = PBXGroup;
			children = (
				BCC46D1619D061D50003FD17 /* AESTest */,
				BCC46D3519D061D50003FD17 /* AESTestTests */,
				BCC46D0F19D061D50003FD17 /* Frameworks */,
				BCC46D0E19D061D50003FD17 /* Products */,
			);
			sourceTree = "<group>";
		};
		BCC46D0E19D061D50003FD17 /* Products */ = {
			isa = PBXGroup;
			children = (
				BCC46D0D19D061D50003FD17 /* AESTest.app */,
				BCC46D2E19D061D50003FD17 /* AESTestTests.xctest */,
			);
			name = Products;
			sourceTree = "<group>";
		};
		BCC46D0F19D061D50003FD17 /* Frameworks */ = {
			isa = PBXGroup;
			children = (
				BCC46D1019D061D50003FD17 /* Foundation.framework */,
				BCC46D1219D061D50003FD17 /* CoreGraphics.framework */,
				BCC46D1419D061D50003FD17 /* UIKit.framework */,
				BCC46D2F19D061D50003FD17 /* XCTest.framework */,
			);
			name = Frameworks;
			sourceTree = "<group>";
		};
		BCC46D1619D061D50003FD17 /* AESTest */ = {
			isa = PBXGroup;
			children = (
				BCC46D1F19D061D50003FD17 /* AppDelegate.h */,
				BCC46D2019D061D50003FD17 /* AppDelegate.m */,
				BCC46D2219D061D50003FD17 /* Main.storyboard */,
				BCC46D2519D061D50003FD17 /* ViewController.h */,
				BCC46D2619D061D50003FD17 /* ViewController.m */,
				BCC46D2819D061D50003FD17 /* Images.xcassets */,
				BCC46D1719D061D50003FD17 /* Supporting Files */,
			);
			path = AESTest;
			sourceTree = "<group>";
		};
		BCC46D1719D061D50003FD17 /* Supporting Files */ = {
			isa = PBXGroup;
			children = (
				BCC46D1819D061D50003FD17 /* AESTest-Info.plist */,
				BCC46D1919D061D50003FD17 /* InfoPlist.strings */,
				BCC46D1C19D061D50003FD17 /* main.m */,
				BCC46D1E19D061D50003FD17 /* AESTest-Prefix.pch */,
			);
			name = "Supporting Files";
			sourceTree = "<group>";
		};
		BCC46D3519D061D50003FD17 /* AESTestTests */ = {
			isa = PBXGroup;
			children = (
				BCC46D3B19D061D50003FD17 /* AESTestTests.m */,
				BCC46D3619D061D50003FD17 /* Supporting Files */,
			);
			path = AESTestTests;
			sourceTree = "<group>";
		};
		BCC46D3619D061D50003FD17 /* Supporting Files */ = {
			isa = PBXGroup;
			children = (
				BCC46D3719D061D50003FD17 /* AESTestTests-Info.plist */,
				BCC46D3819D061D50003FD17 /* InfoPlist.strings */,
			);
			name = "Supporting Files";
			sourceTree = "<group>";
		};
/* End PBXGroup section */

/* Begin PBXNativeTarget section */
		BCC46D0C19D061D50003FD17 /* AESTest */ = {
			isa = PBXNativeTarget;
			buildConfigurationList = BCC46D3F19D061D50003FD17 /* Build configuration list for PBXNativeTarget "AESTest" */;
			buildPhases = (
				BCC46D0919D061D50003FD17 /* Sources */,
				BCC46D0A19D061D50003FD17 /* Frameworks */,
				BCC46D0B19D061D50003FD17 /* Resources */,
			);
			buildRules = (
			);
			dependencies = (
			);
			name = AESTest;
			productName = AESTest;
			productReference = BCC46D0D19D061D50003FD17 /* AESTest.app */;
			productType = "com.apple.product-type.application";
		};
		BCC46D2D19D061D50003FD17 /* AESTestTests */ = {
			isa = PBXNativeTarget;
			buildConfigurationList = BCC46D4219D061D50003FD17 /* Build configuration list for PBXNativeTarget "AESTestTests" */;
			buildPhases = (
				BCC46D2A19D061D50003FD17 /* Sources */,
				BCC46D2B19D061D50003FD17 /* Frameworks */,
				BCC46D2C19D061D50003FD17 /* Resources */,
			);
			buildRules = (
			);
			dependencies = (
				BCC46D3419D061D50003FD17 /* PBXTargetDependency */,
			);
			name = AESTestTests;
			productName = AESTestTests;
			productReference = BCC46D2E19D061D50003FD17 /* AESTestTests.xctest */;
			productType = "com.apple.product-type.bundle.unit-test";
		};
/* End PBXNativeTarget section */

/* Begin PBXProject section */
		BCC46D0519D061D50003FD17 /* Project object */ = {
			isa = PBXProject;
			attributes = {
				LastUpgradeCheck = 0510;
				ORGANIZATIONNAME = "杜甲";
				TargetAttributes = {
					BCC46D2D19D061D50003FD17 = {
						TestTargetID = BCC46D0C19D061D50003FD17;
					};
				};
			};
			buildConfigurationList = BCC46D0819D061D50003FD17 /* Build configuration list for PBXProject "AESTest" */;
			compatibilityVersion = "Xcode 3.2";
			developmentRegion = English;
			hasScannedForEncodings = 0;
			knownRegions = (
				en,
				Base,
			);
			mainGroup = BCC46D0419D061D50003FD17;
			productRefGroup = BCC46D0E19D061D50003FD17 /* Products */;
			projectDirPath = "";
			projectRoot = "";
			targets = (
				BCC46D0C19D061D50003FD17 /* AESTest */,
				BCC46D2D19D061D50003FD17 /* AESTestTests */,
			);
		};
/* End PBXProject section */

/* Begin PBXResourcesBuildPhase section */
		BCC46D0B19D061D50003FD17 /* Resources */ = {
			isa = PBXResourcesBuildPhase;
			buildActionMask = 2147483647;
			files = (
				BCC46D2919D061D50003FD17 /* Images.xcassets in Resources */,
				BCC46D1B19D061D50003FD17 /* InfoPlist.strings in Resources */,
				BCC46D2419D061D50003FD17 /* Main.storyboard in Resources */,
			);
			runOnlyForDeploymentPostprocessing = 0;
		};
		BCC46D2C19D061D50003FD17 /* Resources */ = {
			isa = PBXResourcesBuildPhase;
			buildActionMask = 2147483647;
			files = (
				BCC46D3A19D061D50003FD17 /* InfoPlist.strings in Resources */,
			);
			runOnlyForDeploymentPostprocessing = 0;
		};
/* End PBXResourcesBuildPhase section */

/* Begin PBXSourcesBuildPhase section */
		BCC46D0919D061D50003FD17 /* Sources */ = {
			isa = PBXSourcesBuildPhase;
			buildActionMask = 2147483647;
			files = (
				BCC46D2719D061D50003FD17 /* ViewController.m in Sources */,
				BCC46D2119D061D50003FD17 /* AppDelegate.m in Sources */,
				BCC46D1D19D061D50003FD17 /* main.m in Sources */,
			);
			runOnlyForDeploymentPostprocessing = 0;
		};
		BCC46D2A19D061D50003FD17 /* Sources */ = {
			isa = PBXSourcesBuildPhase;
			buildActionMask = 2147483647;
			files = (
				BCC46D3C19D061D50003FD17 /* AESTestTests.m in Sources */,
			);
			runOnlyForDeploymentPostprocessing = 0;
		};
/* End PBXSourcesBuildPhase section */

/* Begin PBXTargetDependency section */
		BCC46D3419D061D50003FD17 /* PBXTargetDependency */ = {
			isa = PBXTargetDependency;
			target = BCC46D0C19D061D50003FD17 /* AESTest */;
			targetProxy = BCC46D3319D061D50003FD17 /* PBXContainerItemProxy */;
		};
/* End PBXTargetDependency section */

/* Begin PBXVariantGroup section */
		BCC46D1919D061D50003FD17 /* InfoPlist.strings */ = {
			isa = PBXVariantGroup;
			children = (
				BCC46D1A19D061D50003FD17 /* en */,
			);
			name = InfoPlist.strings;
			sourceTree = "<group>";
		};
		BCC46D2219D061D50003FD17 /* Main.storyboard */ = {
			isa = PBXVariantGroup;
			children = (
				BCC46D2319D061D50003FD17 /* Base */,
			);
			name = Main.storyboard;
			sourceTree = "<group>";
		};
		BCC46D3819D061D50003FD17 /* InfoPlist.strings */ = {
			isa = PBXVariantGroup;
			children = (
				BCC46D3919D061D50003FD17 /* en */,
			);
			name = InfoPlist.strings;
			sourceTree = "<group>";
		};
/* End PBXVariantGroup section */

/* Begin XCBuildConfiguration section */
		BCC46D3D19D061D50003FD17 /* Debug */ = {
			isa = XCBuildConfiguration;
			buildSettings = {
				ALWAYS_SEARCH_USER_PATHS = NO;
				CLANG_CXX_LANGUAGE_STANDARD = "gnu++0x";
				CLANG_CXX_LIBRARY = "libc++";
				CLANG_ENABLE_MODULES = YES;
				CLANG_ENABLE_OBJC_ARC = YES;
				CLANG_WARN_BOOL_CONVERSION = YES;
				CLANG_WARN_CONSTANT_CONVERSION = YES;
				CLANG_WARN_DIRECT_OBJC_ISA_USAGE = YES_ERROR;
				CLANG_WARN_EMPTY_BODY = YES;
				CLANG_WARN_ENUM_CONVERSION = YES;
				CLANG_WARN_INT_CONVERSION = YES;
				CLANG_WARN_OBJC_ROOT_CLASS = YES_ERROR;
				CLANG_WARN__DUPLICATE_METHOD_MATCH = YES;
				"CODE_SIGN_IDENTITY[sdk=iphoneos*]" = "iPhone Developer";
				COPY_PHASE_STRIP = NO;
				GCC_C_LANGUAGE_STANDARD = gnu99;
				GCC_DYNAMIC_NO_PIC = NO;
				GCC_OPTIMIZATION_LEVEL = 0;
				GCC_PREPROCESSOR_DEFINITIONS = (
					"DEBUG=1",
					"$(inherited)",
				);
				GCC_SYMBOLS_PRIVATE_EXTERN = NO;
				GCC_WARN_64_TO_32_BIT_CONVERSION = YES;
				GCC_WARN_ABOUT_RETURN_TYPE = YES_ERROR;
				GCC_WARN_UNDECLARED_SELECTOR = YES;
				GCC_WARN_UNINITIALIZED_AUTOS = YES_AGGRESSIVE;
				GCC_WARN_UNUSED_FUNCTION = YES;
				GCC_WARN_UNUSED_VARIABLE = YES;
				IPHONEOS_DEPLOYMENT_TARGET = 7.1;
				ONLY_ACTIVE_ARCH = YES;
				SDKROOT = iphoneos;
			};
			name = Debug;
		};
		BCC46D3E19D061D50003FD17 /* Release */ = {
			isa = XCBuildConfiguration;
			buildSettings = {
				ALWAYS_SEARCH_USER_PATHS = NO;
				CLANG_CXX_LANGUAGE_STANDARD = "gnu++0x";
				CLANG_CXX_LIBRARY = "libc++";
				CLANG_ENABLE_MODULES = YES;
				CLANG_ENABLE_OBJC_ARC = YES;
				CLANG_WARN_BOOL_CONVERSION = YES;
				CLANG_WARN_CONSTANT_CONVERSION = YES;
				CLANG_WARN_DIRECT_OBJC_ISA_USAGE = YES_ERROR;
				CLANG_WARN_EMPTY_BODY = YES;
				CLANG_WARN_ENUM_CONVERSION = YES;
				CLANG_WARN_INT_CONVERSION = YES;
				CLANG_WARN_OBJC_ROOT_CLASS = YES_ERROR;
				CLANG_WARN__DUPLICATE_METHOD_MATCH = YES;
				"CODE_SIGN_IDENTITY[sdk=iphoneos*]" = "iPhone Developer";
				COPY_PHASE_STRIP = YES;
				ENABLE_NS_ASSERTIONS = NO;
				GCC_C_LANGUAGE_STANDARD = gnu99;
				GCC_WARN_64_TO_32_BIT_CONVERSION = YES;
				GCC_WARN_ABOUT_RETURN_TYPE = YES_ERROR;
				GCC_WARN_UNDECLARED_SELECTOR = YES;
				GCC_WARN_UNINITIALIZED_AUTOS = YES_AGGRESSIVE;
				GCC_WARN_UNUSED_FUNCTION = YES;
				GCC_WARN_UNUSED_VARIABLE = YES;
				IPHONEOS_DEPLOYMENT_TARGET = 7.1;
				SDKROOT = iphoneos;
				VALIDATE_PRODUCT = YES;
			};
			name = Release;
		};
		BCC46D4019D061D50003FD17 /* Debug */ = {
			isa = XCBuildConfiguration;
			buildSettings = {
				ASSETCATALOG_COMPILER_APPICON_NAME = AppIcon;
				ASSETCATALOG_COMPILER_LAUNCHIMAGE_NAME = LaunchImage;
				GCC_PRECOMPILE_PREFIX_HEADER = YES;
				GCC_PREFIX_HEADER = "AESTest/AESTest-Prefix.pch";
				INFOPLIST_FILE = "AESTest/AESTest-Info.plist";
				PRODUCT_NAME = "$(TARGET_NAME)";
				WRAPPER_EXTENSION = app;
			};
			name = Debug;
		};
		BCC46D4119D061D50003FD17 /* Release */ = {
			isa = XCBuildConfiguration;
			buildSettings = {
				ASSETCATALOG_COMPILER_APPICON_NAME = AppIcon;
				ASSETCATALOG_COMPILER_LAUNCHIMAGE_NAME = LaunchImage;
				GCC_PRECOMPILE_PREFIX_HEADER = YES;
				GCC_PREFIX_HEADER = "AESTest/AESTest-Prefix.pch";
				INFOPLIST_FILE = "AESTest/AESTest-Info.plist";
				PRODUCT_NAME = "$(TARGET_NAME)";
				WRAPPER_EXTENSION = app;
			};
			name = Release;
		};
		BCC46D4319D061D50003FD17 /* Debug */ = {
			isa = XCBuildConfiguration;
			buildSettings = {
				BUNDLE_LOADER = "$(BUILT_PRODUCTS_DIR)/AESTest.app/AESTest";
				FRAMEWORK_SEARCH_PATHS = (
					"$(SDKROOT)/Developer/Library/Frameworks",
					"$(inherited)",
					"$(DEVELOPER_FRAMEWORKS_DIR)",
				);
				GCC_PRECOMPILE_PREFIX_HEADER = YES;
				GCC_PREFIX_HEADER = "AESTest/AESTest-Prefix.pch";
				GCC_PREPROCESSOR_DEFINITIONS = (
					"DEBUG=1",
					"$(inherited)",
				);
				INFOPLIST_FILE = "AESTestTests/AESTestTests-Info.plist";
				PRODUCT_NAME = "$(TARGET_NAME)";
				TEST_HOST = "$(BUNDLE_LOADER)";
				WRAPPER_EXTENSION = xctest;
			};
			name = Debug;
		};
		BCC46D4419D061D50003FD17 /* Release */ = {
			isa = XCBuildConfiguration;
			buildSettings = {
				BUNDLE_LOADER = "$(BUILT_PRODUCTS_DIR)/AESTest.app/AESTest";
				FRAMEWORK_SEARCH_PATHS = (
					"$(SDKROOT)/Developer/Library/Frameworks",
					"$(inherited)",
					"$(DEVELOPER_FRAMEWORKS_DIR)",
				);
				GCC_PRECOMPILE_PREFIX_HEADER = YES;
				GCC_PREFIX_HEADER = "AESTest/AESTest-Prefix.pch";
				INFOPLIST_FILE = "AESTestTests/AESTestTests-Info.plist";
				PRODUCT_NAME = "$(TARGET_NAME)";
				TEST_HOST = "$(BUNDLE_LOADER)";
				WRAPPER_EXTENSION = xctest;
			};
			name = Release;
		};
/* End XCBuildConfiguration section */

/* Begin XCConfigurationList section */
		BCC46D0819D061D50003FD17 /* Build configuration list for PBXProject "AESTest" */ = {
			isa = XCConfigurationList;
			buildConfigurations = (
				BCC46D3D19D061D50003FD17 /* Debug */,
				BCC46D3E19D061D50003FD17 /* Release */,
			);
			defaultConfigurationIsVisible = 0;
			defaultConfigurationName = Release;
		};
		BCC46D3F19D061D50003FD17 /* Build configuration list for PBXNativeTarget "AESTest" */ = {
			isa = XCConfigurationList;
			buildConfigurations = (
				BCC46D4019D061D50003FD17 /* Debug */,
				BCC46D4119D061D50003FD17 /* Release */,
			);
			defaultConfigurationIsVisible = 0;
		};
		BCC46D4219D061D50003FD17 /* Build configuration list for PBXNativeTarget "AESTestTests" */ = {
			isa = XCConfigurationList;
			buildConfigurations = (
				BCC46D4319D061D50003FD17 /* Debug */,
				BCC46D4419D061D50003FD17 /* Release */,
			);
			defaultConfigurationIsVisible = 0;
		};
/* End XCConfigurationList section */
	};
	rootObject = BCC46D0519D061D50003FD17 /* Project object */;
}
